
Microsoft Visual Studio Solution File, Format Version 11.00
# Visual Studio 2010
Project("{FAE04EC0-301F-11D3-BF4B-00C04F79EFBC}") = "Brilliantech.ClearInsight.AppCenter.Kanban", "Brilliantech.ClearInsight.AppCenter.Kanban\Brilliantech.ClearInsight.AppCenter.Kanban.csproj", "{6A0EBF8B-EC28-4FED-9BA8-FD69699B0788}"
EndProject
Project("{FAE04EC0-301F-11D3-BF4B-00C04F79EFBC}") = "Test.WPF", "Test.WPF\Test.WPF.csproj", "{7E463C81-F70D-453A-B806-67B7C9F9DCC8}"
EndProject
Project("{FAE04EC0-301F-11D3-BF4B-00C04F79EFBC}") = "Brilliantech.ClearInsight.Framework", "Brilliantech.ClearInsight.Framework\Brilliantech.ClearInsight.Framework.csproj", "{05D45087-60E1-4229-8C10-CC2549ECFA77}"
EndProject
Project("{FAE04EC0-301F-11D3-BF4B-00C04F79EFBC}") = "Brilliantech.Framwork", "..\Brilliantech.Framwork\Brilliantech.Framwork.csproj", "{9B5F850A-5136-4095-8955-6C4F7747C48A}"
EndProject
Project("{FAE04EC0-301F-11D3-BF4B-00C04F79EFBC}") = "Brilliantech.ClearInsight.AppCenter.PLC", "Brilliantech.ClearInsight.AppCenter.PLC\Brilliantech.ClearInsight.AppCenter.PLC.csproj", "{A941C503-8C12-48A9-B2BC-7E5CB4F8FA18}"
EndProject
Global
	GlobalSection(SolutionConfigurationPlatforms) = preSolution
		Debug|Any CPU = Debug|Any CPU
		Debug|Mixed Platforms = Debug|Mixed Platforms
		Debug|x86 = Debug|x86
		Release|Any CPU = Release|Any CPU
		Release|Mixed Platforms = Release|Mixed Platforms
		Release|x86 = Release|x86
	EndGlobalSection
	GlobalSection(ProjectConfigurationPlatforms) = postSolution
		{6A0EBF8B-EC28-4FED-9BA8-FD69699B0788}.Debug|Any CPU.ActiveCfg = Debug|x86
		{6A0EBF8B-EC28-4FED-9BA8-FD69699B0788}.Debug|Mixed Platforms.ActiveCfg = Debug|x86
		{6A0EBF8B-EC28-4FED-9BA8-FD69699B0788}.Debug|Mixed Platforms.Build.0 = Debug|x86
		{6A0EBF8B-EC28-4FED-9BA8-FD69699B0788}.Debug|x86.ActiveCfg = Debug|x86
		{6A0EBF8B-EC28-4FED-9BA8-FD69699B0788}.Debug|x86.Build.0 = Debug|x86
		{6A0EBF8B-EC28-4FED-9BA8-FD69699B0788}.Release|Any CPU.ActiveCfg = Release|x86
		{6A0EBF8B-EC28-4FED-9BA8-FD69699B0788}.Release|Mixed Platforms.ActiveCfg = Release|x86
		{6A0EBF8B-EC28-4FED-9BA8-FD69699B0788}.Release|Mixed Platforms.Build.0 = Release|x86
		{6A0EBF8B-EC28-4FED-9BA8-FD69699B0788}.Release|x86.ActiveCfg = Release|x86
		{6A0EBF8B-EC28-4FED-9BA8-FD69699B0788}.Release|x86.Build.0 = Release|x86
		{7E463C81-F70D-453A-B806-67B7C9F9DCC8}.Debug|Any CPU.ActiveCfg = Debug|x86
		{7E463C81-F70D-453A-B806-67B7C9F9DCC8}.Debug|Mixed Platforms.ActiveCfg = Debug|x86
		{7E463C81-F70D-453A-B806-67B7C9F9DCC8}.Debug|Mixed Platforms.Build.0 = Debug|x86
		{7E463C81-F70D-453A-B806-67B7C9F9DCC8}.Debug|x86.ActiveCfg = Debug|x86
		{7E463C81-F70D-453A-B806-67B7C9F9DCC8}.Debug|x86.Build.0 = Debug|x86
		{7E463C81-F70D-453A-B806-67B7C9F9DCC8}.Release|Any CPU.ActiveCfg = Release|x86
		{7E463C81-F70D-453A-B806-67B7C9F9DCC8}.Release|Mixed Platforms.ActiveCfg = Release|x86
		{7E463C81-F70D-453A-B806-67B7C9F9DCC8}.Release|Mixed Platforms.Build.0 = Release|x86
		{7E463C81-F70D-453A-B806-67B7C9F9DCC8}.Release|x86.ActiveCfg = Release|x86
		{7E463C81-F70D-453A-B806-67B7C9F9DCC8}.Release|x86.Build.0 = Release|x86
		{05D45087-60E1-4229-8C10-CC2549ECFA77}.Debug|Any CPU.ActiveCfg = Debug|Any CPU
		{05D45087-60E1-4229-8C10-CC2549ECFA77}.Debug|Any CPU.Build.0 = Debug|Any CPU
		{05D45087-60E1-4229-8C10-CC2549ECFA77}.Debug|Mixed Platforms.ActiveCfg = Debug|Any CPU
		{05D45087-60E1-4229-8C10-CC2549ECFA77}.Debug|Mixed Platforms.Build.0 = Debug|Any CPU
		{05D45087-60E1-4229-8C10-CC2549ECFA77}.Debug|x86.ActiveCfg = Debug|Any CPU
		{05D45087-60E1-4229-8C10-CC2549ECFA77}.Release|Any CPU.ActiveCfg = Release|Any CPU
		{05D45087-60E1-4229-8C10-CC2549ECFA77}.Release|Any CPU.Build.0 = Release|Any CPU
		{05D45087-60E1-4229-8C10-CC2549ECFA77}.Release|Mixed Platforms.ActiveCfg = Release|Any CPU
		{05D45087-60E1-4229-8C10-CC2549ECFA77}.Release|Mixed Platforms.Build.0 = Release|Any CPU
		{05D45087-60E1-4229-8C10-CC2549ECFA77}.Release|x86.ActiveCfg = Release|Any CPU
		{9B5F850A-5136-4095-8955-6C4F7747C48A}.Debug|Any CPU.ActiveCfg = Debug|Any CPU
		{9B5F850A-5136-4095-8955-6C4F7747C48A}.Debug|Any CPU.Build.0 = Debug|Any CPU
		{9B5F850A-5136-4095-8955-6C4F7747C48A}.Debug|Mixed Platforms.ActiveCfg = Debug|Any CPU
		{9B5F850A-5136-4095-8955-6C4F7747C48A}.Debug|Mixed Platforms.Build.0 = Debug|Any CPU
		{9B5F850A-5136-4095-8955-6C4F7747C48A}.Debug|x86.ActiveCfg = Debug|Any CPU
		{9B5F850A-5136-4095-8955-6C4F7747C48A}.Release|Any CPU.ActiveCfg = Release|Any CPU
		{9B5F850A-5136-4095-8955-6C4F7747C48A}.Release|Any CPU.Build.0 = Release|Any CPU
		{9B5F850A-5136-4095-8955-6C4F7747C48A}.Release|Mixed Platforms.ActiveCfg = Release|Any CPU
		{9B5F850A-5136-4095-8955-6C4F7747C48A}.Release|Mixed Platforms.Build.0 = Release|Any CPU
		{9B5F850A-5136-4095-8955-6C4F7747C48A}.Release|x86.ActiveCfg = Release|Any CPU
		{A941C503-8C12-48A9-B2BC-7E5CB4F8FA18}.Debug|Any CPU.ActiveCfg = Debug|x86
		{A941C503-8C12-48A9-B2BC-7E5CB4F8FA18}.Debug|Mixed Platforms.ActiveCfg = Debug|x86
		{A941C503-8C12-48A9-B2BC-7E5CB4F8FA18}.Debug|Mixed Platforms.Build.0 = Debug|x86
		{A941C503-8C12-48A9-B2BC-7E5CB4F8FA18}.Debug|x86.ActiveCfg = Debug|x86
		{A941C503-8C12-48A9-B2BC-7E5CB4F8FA18}.Debug|x86.Build.0 = Debug|x86
		{A941C503-8C12-48A9-B2BC-7E5CB4F8FA18}.Release|Any CPU.ActiveCfg = Release|x86
		{A941C503-8C12-48A9-B2BC-7E5CB4F8FA18}.Release|Mixed Platforms.ActiveCfg = Release|x86
		{A941C503-8C12-48A9-B2BC-7E5CB4F8FA18}.Release|Mixed Platforms.Build.0 = Release|x86
		{A941C503-8C12-48A9-B2BC-7E5CB4F8FA18}.Release|x86.ActiveCfg = Release|x86
		{A941C503-8C12-48A9-B2BC-7E5CB4F8FA18}.Release|x86.Build.0 = Release|x86
	EndGlobalSection
	GlobalSection(SolutionProperties) = preSolution
		HideSolutionNode = FALSE
	EndGlobalSection
EndGlobal
